
Microsoft Visual Studio Solution File, Format Version 12.00
# Visual Studio Version 17
VisualStudioVersion = 17.8.34525.116
MinimumVisualStudioVersion = 10.0.40219.1
Project("{FAE04EC0-301F-11D3-BF4B-00C04F79EFBC}") = "İntro", "İntro\İntro.csproj", "{A007F479-FB57-4E20-AF8B-EFF69969648F}"
EndProject
Global
	GlobalSection(SolutionConfigurationPlatforms) = preSolution
		Debug|Any CPU = Debug|Any CPU
		Release|Any CPU = Release|Any CPU
	EndGlobalSection
	GlobalSection(ProjectConfigurationPlatforms) = postSolution
		{A007F479-FB57-4E20-AF8B-EFF69969648F}.Debug|Any CPU.ActiveCfg = Debug|Any CPU
		{A007F479-FB57-4E20-AF8B-EFF69969648F}.Debug|Any CPU.Build.0 = Debug|Any CPU
		{A007F479-FB57-4E20-AF8B-EFF69969648F}.Release|Any CPU.ActiveCfg = Release|Any CPU
		{A007F479-FB57-4E20-AF8B-EFF69969648F}.Release|Any CPU.Build.0 = Release|Any CPU
	EndGlobalSection
	GlobalSection(SolutionProperties) = preSolution
		HideSolutionNode = FALSE
	EndGlobalSection
	GlobalSection(ExtensibilityGlobals) = postSolution
		SolutionGuid = {965F2995-6055-462C-BDA2-2EA5638795DF}
	EndGlobalSection
EndGlobal
